
Microsoft Visual Studio Solution File, Format Version 12.00
# Visual Studio Version 17
VisualStudioVersion = 17.4.33205.214
MinimumVisualStudioVersion = 10.0.40219.1
Project("{FAE04EC0-301F-11D3-BF4B-00C04F79EFBC}") = "DemoMediaFormatters", "DemoMediaFormatters\DemoMediaFormatters.csproj", "{A3E09576-A559-46F3-B312-E6E965618004}"
EndProject
Global
	GlobalSection(SolutionConfigurationPlatforms) = preSolution
		Debug|Any CPU = Debug|Any CPU
		Release|Any CPU = Release|Any CPU
	EndGlobalSection
	GlobalSection(ProjectConfigurationPlatforms) = postSolution
		{A3E09576-A559-46F3-B312-E6E965618004}.Debug|Any CPU.ActiveCfg = Debug|Any CPU
		{A3E09576-A559-46F3-B312-E6E965618004}.Debug|Any CPU.Build.0 = Debug|Any CPU
		{A3E09576-A559-46F3-B312-E6E965618004}.Release|Any CPU.ActiveCfg = Release|Any CPU
		{A3E09576-A559-46F3-B312-E6E965618004}.Release|Any CPU.Build.0 = Release|Any CPU
	EndGlobalSection
	GlobalSection(SolutionProperties) = preSolution
		HideSolutionNode = FALSE
	EndGlobalSection
	GlobalSection(ExtensibilityGlobals) = postSolution
		SolutionGuid = {2E92500F-4006-4421-AE0F-9EE97935BD7E}
	EndGlobalSection
EndGlobal
